
Microsoft Visual Studio Solution File, Format Version 12.00
# Visual Studio Version 17
VisualStudioVersion = 17.9.34607.119
MinimumVisualStudioVersion = 10.0.40219.1
Project("{9A19103F-16F7-4668-BE54-9A1E7A4F7556}") = "RandomBookGenerator", "RandomBookGenerator\RandomBookGenerator.csproj", "{ED0944D6-E47E-4750-91A5-2FA4F99E73E5}"
EndProject
Global
	GlobalSection(SolutionConfigurationPlatforms) = preSolution
		Debug|Any CPU = Debug|Any CPU
		Release|Any CPU = Release|Any CPU
	EndGlobalSection
	GlobalSection(ProjectConfigurationPlatforms) = postSolution
		{ED0944D6-E47E-4750-91A5-2FA4F99E73E5}.Debug|Any CPU.ActiveCfg = Debug|Any CPU
		{ED0944D6-E47E-4750-91A5-2FA4F99E73E5}.Debug|Any CPU.Build.0 = Debug|Any CPU
		{ED0944D6-E47E-4750-91A5-2FA4F99E73E5}.Release|Any CPU.ActiveCfg = Release|Any CPU
		{ED0944D6-E47E-4750-91A5-2FA4F99E73E5}.Release|Any CPU.Build.0 = Release|Any CPU
	EndGlobalSection
	GlobalSection(SolutionProperties) = preSolution
		HideSolutionNode = FALSE
	EndGlobalSection
	GlobalSection(ExtensibilityGlobals) = postSolution
		SolutionGuid = {5D3E8E04-F155-4783-9165-2719E1A653E9}
	EndGlobalSection
EndGlobal
